// !$*UTF8*$!
{
	archiveVersion = 1;
	classes = {
	};
	objectVersion = 46;
	objects = {

/* Begin PBXBuildFile section */
		906C0C3F178365090049922D /* UIKit.framework in Frameworks */ = {isa = PBXBuildFile; fileRef = 906C0C3E178365090049922D /* UIKit.framework */; };
		906C0C41178365090049922D /* Foundation.framework in Frameworks */ = {isa = PBXBuildFile; fileRef = 906C0C40178365090049922D /* Foundation.framework */; };
		906C0C43178365090049922D /* CoreGraphics.framework in Frameworks */ = {isa = PBXBuildFile; fileRef = 906C0C42178365090049922D /* CoreGraphics.framework */; };
		906C0C4B178365090049922D /* main.m in Sources */ = {isa = PBXBuildFile; fileRef = 906C0C4A178365090049922D /* main.m */; };
		906C0C4F178365090049922D /* ABAppDelegate.m in Sources */ = {isa = PBXBuildFile; fileRef = 906C0C4E178365090049922D /* ABAppDelegate.m */; };
		906C0C51178365090049922D /* Default.png in Resources */ = {isa = PBXBuildFile; fileRef = 906C0C50178365090049922D /* Default.png */; };
		906C0C53178365090049922D /* Default@2x.png in Resources */ = {isa = PBXBuildFile; fileRef = 906C0C52178365090049922D /* Default@2x.png */; };
		906C0C55178365090049922D /* Default-568h@2x.png in Resources */ = {isa = PBXBuildFile; fileRef = 906C0C54178365090049922D /* Default-568h@2x.png */; };
		906C0C58178365090049922D /* MainStoryboard.storyboard in Resources */ = {isa = PBXBuildFile; fileRef = 906C0C56178365090049922D /* MainStoryboard.storyboard */; };
		906C0C5B178365090049922D /* ABViewController.m in Sources */ = {isa = PBXBuildFile; fileRef = 906C0C5A178365090049922D /* ABViewController.m */; };
		906C0C63178365090049922D /* SenTestingKit.framework in Frameworks */ = {isa = PBXBuildFile; fileRef = 906C0C62178365090049922D /* SenTestingKit.framework */; };
		906C0C64178365090049922D /* UIKit.framework in Frameworks */ = {isa = PBXBuildFile; fileRef = 906C0C3E178365090049922D /* UIKit.framework */; };
		906C0C65178365090049922D /* Foundation.framework in Frameworks */ = {isa = PBXBuildFile; fileRef = 906C0C40178365090049922D /* Foundation.framework */; };
		906C0C7C1783664D0049922D /* ABAppearingView.m in Sources */ = {isa = PBXBuildFile; fileRef = 906C0C7B1783664D0049922D /* ABAppearingView.m */; };
		9085458817849A3B00A84831 /* ABAppearing View Tests.m in Sources */ = {isa = PBXBuildFile; fileRef = 9085458717849A3B00A84831 /* ABAppearing View Tests.m */; };
		9085458B1784C4DB00A84831 /* ABAnimations.m in Sources */ = {isa = PBXBuildFile; fileRef = 9085458A1784C4DB00A84831 /* ABAnimations.m */; };
		9085458D1784D94000A84831 /* QuartzCore.framework in Frameworks */ = {isa = PBXBuildFile; fileRef = 9085458C1784D94000A84831 /* QuartzCore.framework */; };
		9085458E1784DA3F00A84831 /* CoreGraphics.framework in Frameworks */ = {isa = PBXBuildFile; fileRef = 906C0C42178365090049922D /* CoreGraphics.framework */; };
		AFBE5612383643DCBB13BAA0 /* libPods-Appearing Views Tests.a in Frameworks */ = {isa = PBXBuildFile; fileRef = 29FE1A641FC24E65AD9E030B /* libPods-Appearing Views Tests.a */; };
/* End PBXBuildFile section */

/* Begin PBXContainerItemProxy section */
		906C0C66178365090049922D /* PBXContainerItemProxy */ = {
			isa = PBXContainerItemProxy;
			containerPortal = 906C0C33178365090049922D /* Project object */;
			proxyType = 1;
			remoteGlobalIDString = 906C0C3A178365090049922D;
			remoteInfo = "Appearing Views Demo";
		};
/* End PBXContainerItemProxy section */

/* Begin PBXFileReference section */
		29FE1A641FC24E65AD9E030B /* libPods-Appearing Views Tests.a */ = {isa = PBXFileReference; explicitFileType = archive.ar; includeInIndex = 0; path = "libPods-Appearing Views Tests.a"; sourceTree = BUILT_PRODUCTS_DIR; };
		906C0C3B178365090049922D /* Appearing Views Demo.app */ = {isa = PBXFileReference; explicitFileType = wrapper.application; includeInIndex = 0; path = "Appearing Views Demo.app"; sourceTree = BUILT_PRODUCTS_DIR; };
		906C0C3E178365090049922D /* UIKit.framework */ = {isa = PBXFileReference; lastKnownFileType = wrapper.framework; name = UIKit.framework; path = System/Library/Frameworks/UIKit.framework; sourceTree = SDKROOT; };
		906C0C40178365090049922D /* Foundation.framework */ = {isa = PBXFileReference; lastKnownFileType = wrapper.framework; name = Foundation.framework; path = System/Library/Frameworks/Foundation.framework; sourceTree = SDKROOT; };
		906C0C42178365090049922D /* CoreGraphics.framework */ = {isa = PBXFileReference; lastKnownFileType = wrapper.framework; name = CoreGraphics.framework; path = System/Library/Frameworks/CoreGraphics.framework; sourceTree = SDKROOT; };
		906C0C46178365090049922D /* Appearing Views Demo-Info.plist */ = {isa = PBXFileReference; lastKnownFileType = text.plist.xml; path = "Appearing Views Demo-Info.plist"; sourceTree = "<group>"; };
		906C0C48178365090049922D /* en */ = {isa = PBXFileReference; lastKnownFileType = text.plist.strings; name = en; path = en.lproj/InfoPlist.strings; sourceTree = "<group>"; };
		906C0C4A178365090049922D /* main.m */ = {isa = PBXFileReference; lastKnownFileType = sourcecode.c.objc; path = main.m; sourceTree = "<group>"; };
		906C0C4C178365090049922D /* Appearing Views-Prefix.pch */ = {isa = PBXFileReference; lastKnownFileType = sourcecode.c.h; path = "Appearing Views-Prefix.pch"; sourceTree = "<group>"; };
		906C0C4D178365090049922D /* ABAppDelegate.h */ = {isa = PBXFileReference; lastKnownFileType = sourcecode.c.h; path = ABAppDelegate.h; sourceTree = "<group>"; };
		906C0C4E178365090049922D /* ABAppDelegate.m */ = {isa = PBXFileReference; lastKnownFileType = sourcecode.c.objc; path = ABAppDelegate.m; sourceTree = "<group>"; };
		906C0C50178365090049922D /* Default.png */ = {isa = PBXFileReference; lastKnownFileType = image.png; path = Default.png; sourceTree = "<group>"; };
		906C0C52178365090049922D /* Default@2x.png */ = {isa = PBXFileReference; lastKnownFileType = image.png; path = "Default@2x.png"; sourceTree = "<group>"; };
		906C0C54178365090049922D /* Default-568h@2x.png */ = {isa = PBXFileReference; lastKnownFileType = image.png; path = "Default-568h@2x.png"; sourceTree = "<group>"; };
		906C0C57178365090049922D /* en */ = {isa = PBXFileReference; lastKnownFileType = file.storyboard; name = en; path = en.lproj/MainStoryboard.storyboard; sourceTree = "<group>"; };
		906C0C59178365090049922D /* ABViewController.h */ = {isa = PBXFileReference; lastKnownFileType = sourcecode.c.h; path = ABViewController.h; sourceTree = "<group>"; };
		906C0C5A178365090049922D /* ABViewController.m */ = {isa = PBXFileReference; lastKnownFileType = sourcecode.c.objc; path = ABViewController.m; sourceTree = "<group>"; };
		906C0C61178365090049922D /* Appearing Views Tests.octest */ = {isa = PBXFileReference; explicitFileType = wrapper.cfbundle; includeInIndex = 0; path = "Appearing Views Tests.octest"; sourceTree = BUILT_PRODUCTS_DIR; };
		906C0C62178365090049922D /* SenTestingKit.framework */ = {isa = PBXFileReference; lastKnownFileType = wrapper.framework; name = SenTestingKit.framework; path = Library/Frameworks/SenTestingKit.framework; sourceTree = DEVELOPER_DIR; };
		906C0C7A1783664D0049922D /* ABAppearingView.h */ = {isa = PBXFileReference; fileEncoding = 4; lastKnownFileType = sourcecode.c.h; path = ABAppearingView.h; sourceTree = "<group>"; };
		906C0C7B1783664D0049922D /* ABAppearingView.m */ = {isa = PBXFileReference; fileEncoding = 4; lastKnownFileType = sourcecode.c.objc; path = ABAppearingView.m; sourceTree = "<group>"; };
		906C0CAD17837F5B0049922D /* Appearing ViewsTests-Info.plist */ = {isa = PBXFileReference; fileEncoding = 4; lastKnownFileType = text.plist.xml; name = "Appearing ViewsTests-Info.plist"; path = "Appearing Views Tests/Appearing ViewsTests-Info.plist"; sourceTree = SOURCE_ROOT; };
		906C0CB017837F6F0049922D /* en */ = {isa = PBXFileReference; lastKnownFileType = text.plist.strings; name = en; path = "Appearing Views Tests/en.lproj/InfoPlist.strings"; sourceTree = SOURCE_ROOT; };
		9085458717849A3B00A84831 /* ABAppearing View Tests.m */ = {isa = PBXFileReference; fileEncoding = 4; lastKnownFileType = sourcecode.c.objc; name = "ABAppearing View Tests.m"; path = "Appearing Views Tests/ABAppearing View Tests.m"; sourceTree = SOURCE_ROOT; };
		908545891784C4DB00A84831 /* ABAnimations.h */ = {isa = PBXFileReference; fileEncoding = 4; lastKnownFileType = sourcecode.c.h; path = ABAnimations.h; sourceTree = "<group>"; };
		9085458A1784C4DB00A84831 /* ABAnimations.m */ = {isa = PBXFileReference; fileEncoding = 4; lastKnownFileType = sourcecode.c.objc; path = ABAnimations.m; sourceTree = "<group>"; };
		9085458C1784D94000A84831 /* QuartzCore.framework */ = {isa = PBXFileReference; lastKnownFileType = wrapper.framework; name = QuartzCore.framework; path = System/Library/Frameworks/QuartzCore.framework; sourceTree = SDKROOT; };
		9FB05FEF6982446B901FB2D7 /* Pods-Appearing Views Tests.xcconfig */ = {isa = PBXFileReference; includeInIndex = 1; lastKnownFileType = text.xcconfig; name = "Pods-Appearing Views Tests.xcconfig"; path = "Pods/Pods-Appearing Views Tests.xcconfig"; sourceTree = SOURCE_ROOT; };
/* End PBXFileReference section */

/* Begin PBXFrameworksBuildPhase section */
		906C0C38178365090049922D /* Frameworks */ = {
			isa = PBXFrameworksBuildPhase;
			buildActionMask = 2147483647;
			files = (
				9085458D1784D94000A84831 /* QuartzCore.framework in Frameworks */,
				906C0C3F178365090049922D /* UIKit.framework in Frameworks */,
				906C0C41178365090049922D /* Foundation.framework in Frameworks */,
				906C0C43178365090049922D /* CoreGraphics.framework in Frameworks */,
			);
			runOnlyForDeploymentPostprocessing = 0;
		};
		906C0C5D178365090049922D /* Frameworks */ = {
			isa = PBXFrameworksBuildPhase;
			buildActionMask = 2147483647;
			files = (
				9085458E1784DA3F00A84831 /* CoreGraphics.framework in Frameworks */,
				906C0C63178365090049922D /* SenTestingKit.framework in Frameworks */,
				906C0C64178365090049922D /* UIKit.framework in Frameworks */,
				906C0C65178365090049922D /* Foundation.framework in Frameworks */,
				AFBE5612383643DCBB13BAA0 /* libPods-Appearing Views Tests.a in Frameworks */,
			);
			runOnlyForDeploymentPostprocessing = 0;
		};
/* End PBXFrameworksBuildPhase section */

/* Begin PBXGroup section */
		906C0C32178365090049922D = {
			isa = PBXGroup;
			children = (
				906C0C79178365D10049922D /* Appearing Views */,
				906C0C44178365090049922D /* Appearing Views Demo */,
				906C0C68178365090049922D /* Appearing Views Tests */,
				906C0C3D178365090049922D /* Frameworks */,
				906C0C3C178365090049922D /* Products */,
				9FB05FEF6982446B901FB2D7 /* Pods-Appearing Views Tests.xcconfig */,
			);
			sourceTree = "<group>";
		};
		906C0C3C178365090049922D /* Products */ = {
			isa = PBXGroup;
			children = (
				906C0C3B178365090049922D /* Appearing Views Demo.app */,
				906C0C61178365090049922D /* Appearing Views Tests.octest */,
			);
			name = Products;
			sourceTree = "<group>";
		};
		906C0C3D178365090049922D /* Frameworks */ = {
			isa = PBXGroup;
			children = (
				9085458C1784D94000A84831 /* QuartzCore.framework */,
				906C0C3E178365090049922D /* UIKit.framework */,
				906C0C40178365090049922D /* Foundation.framework */,
				906C0C42178365090049922D /* CoreGraphics.framework */,
				906C0C62178365090049922D /* SenTestingKit.framework */,
				29FE1A641FC24E65AD9E030B /* libPods-Appearing Views Tests.a */,
			);
			name = Frameworks;
			sourceTree = "<group>";
		};
		906C0C44178365090049922D /* Appearing Views Demo */ = {
			isa = PBXGroup;
			children = (
				906C0C4D178365090049922D /* ABAppDelegate.h */,
				906C0C4E178365090049922D /* ABAppDelegate.m */,
				906C0C56178365090049922D /* MainStoryboard.storyboard */,
				906C0C59178365090049922D /* ABViewController.h */,
				906C0C5A178365090049922D /* ABViewController.m */,
				906C0C45178365090049922D /* Supporting Files */,
			);
			path = "Appearing Views Demo";
			sourceTree = "<group>";
		};
		906C0C45178365090049922D /* Supporting Files */ = {
			isa = PBXGroup;
			children = (
				906C0C46178365090049922D /* Appearing Views Demo-Info.plist */,
				906C0C47178365090049922D /* InfoPlist.strings */,
				906C0C4A178365090049922D /* main.m */,
				906C0C4C178365090049922D /* Appearing Views-Prefix.pch */,
				906C0C50178365090049922D /* Default.png */,
				906C0C52178365090049922D /* Default@2x.png */,
				906C0C54178365090049922D /* Default-568h@2x.png */,
			);
			name = "Supporting Files";
			sourceTree = "<group>";
		};
		906C0C68178365090049922D /* Appearing Views Tests */ = {
			isa = PBXGroup;
			children = (
				90854582178498E600A84831 /* Specs */,
				906C0C69178365090049922D /* Supporting Files */,
			);
			name = "Appearing Views Tests";
			path = "Appearing Views DemoTests";
			sourceTree = "<group>";
		};
		906C0C69178365090049922D /* Supporting Files */ = {
			isa = PBXGroup;
			children = (
				906C0CAD17837F5B0049922D /* Appearing ViewsTests-Info.plist */,
				906C0CAF17837F6F0049922D /* InfoPlist.strings */,
			);
			name = "Supporting Files";
			sourceTree = "<group>";
		};
		906C0C79178365D10049922D /* Appearing Views */ = {
			isa = PBXGroup;
			children = (
				906C0C7A1783664D0049922D /* ABAppearingView.h */,
				906C0C7B1783664D0049922D /* ABAppearingView.m */,
				908545891784C4DB00A84831 /* ABAnimations.h */,
				9085458A1784C4DB00A84831 /* ABAnimations.m */,
			);
			path = "Appearing Views";
			sourceTree = "<group>";
		};
		90854582178498E600A84831 /* Specs */ = {
			isa = PBXGroup;
			children = (
				9085458717849A3B00A84831 /* ABAppearing View Tests.m */,
			);
			name = Specs;
			path = "Appearing Views Tests/Specs";
			sourceTree = SOURCE_ROOT;
		};
/* End PBXGroup section */

/* Begin PBXNativeTarget section */
		906C0C3A178365090049922D /* Appearing Views Demo */ = {
			isa = PBXNativeTarget;
			buildConfigurationList = 906C0C73178365090049922D /* Build configuration list for PBXNativeTarget "Appearing Views Demo" */;
			buildPhases = (
				906C0C37178365090049922D /* Sources */,
				906C0C38178365090049922D /* Frameworks */,
				906C0C39178365090049922D /* Resources */,
			);
			buildRules = (
			);
			dependencies = (
			);
			name = "Appearing Views Demo";
			productName = "Appearing Views Demo";
			productReference = 906C0C3B178365090049922D /* Appearing Views Demo.app */;
			productType = "com.apple.product-type.application";
		};
		906C0C60178365090049922D /* Appearing Views Tests */ = {
			isa = PBXNativeTarget;
			buildConfigurationList = 906C0C76178365090049922D /* Build configuration list for PBXNativeTarget "Appearing Views Tests" */;
			buildPhases = (
				144A4B7AE7044F90881A585D /* Check Pods Manifest.lock */,
				906C0C5C178365090049922D /* Sources */,
				906C0C5D178365090049922D /* Frameworks */,
				906C0C5E178365090049922D /* Resources */,
				906C0C5F178365090049922D /* ShellScript */,
				B154E673370F495FA7777F35 /* Copy Pods Resources */,
			);
			buildRules = (
			);
			dependencies = (
				906C0C67178365090049922D /* PBXTargetDependency */,
			);
			name = "Appearing Views Tests";
			productName = "Appearing Views DemoTests";
			productReference = 906C0C61178365090049922D /* Appearing Views Tests.octest */;
			productType = "com.apple.product-type.bundle";
		};
/* End PBXNativeTarget section */

/* Begin PBXProject section */
		906C0C33178365090049922D /* Project object */ = {
			isa = PBXProject;
			attributes = {
				CLASSPREFIX = AB;
				LastUpgradeCheck = 0460;
				ORGANIZATIONNAME = "Adam Barrett";
			};
			buildConfigurationList = 906C0C36178365090049922D /* Build configuration list for PBXProject "Appearing Views" */;
			compatibilityVersion = "Xcode 3.2";
			developmentRegion = English;
			hasScannedForEncodings = 0;
			knownRegions = (
				en,
			);
			mainGroup = 906C0C32178365090049922D;
			productRefGroup = 906C0C3C178365090049922D /* Products */;
			projectDirPath = "";
			projectRoot = "";
			targets = (
				906C0C3A178365090049922D /* Appearing Views Demo */,
				906C0C60178365090049922D /* Appearing Views Tests */,
			);
		};
/* End PBXProject section */

/* Begin PBXResourcesBuildPhase section */
		906C0C39178365090049922D /* Resources */ = {
			isa = PBXResourcesBuildPhase;
			buildActionMask = 2147483647;
			files = (
				906C0C51178365090049922D /* Default.png in Resources */,
				906C0C53178365090049922D /* Default@2x.png in Resources */,
				906C0C55178365090049922D /* Default-568h@2x.png in Resources */,
				906C0C58178365090049922D /* MainStoryboard.storyboard in Resources */,
			);
			runOnlyForDeploymentPostprocessing = 0;
		};
		906C0C5E178365090049922D /* Resources */ = {
			isa = PBXResourcesBuildPhase;
			buildActionMask = 2147483647;
			files = (
			);
			runOnlyForDeploymentPostprocessing = 0;
		};
/* End PBXResourcesBuildPhase section */

/* Begin PBXShellScriptBuildPhase section */
		144A4B7AE7044F90881A585D /* Check Pods Manifest.lock */ = {
			isa = PBXShellScriptBuildPhase;
			buildActionMask = 2147483647;
			files = (
			);
			inputPaths = (
			);
			name = "Check Pods Manifest.lock";
			outputPaths = (
			);
			runOnlyForDeploymentPostprocessing = 0;
			shellPath = /bin/sh;
			shellScript = "diff \"${PODS_ROOT}/../Podfile.lock\" \"${PODS_ROOT}/Manifest.lock\" > /dev/null\nif [[ $? != 0 ]] ; then\n    cat << EOM\nerror: The sandbox is not in sync with the Podfile.lock. Run 'pod install' or update your CocoaPods installation.\nEOM\n    exit 1\nfi\n";
		};
		906C0C5F178365090049922D /* ShellScript */ = {
			isa = PBXShellScriptBuildPhase;
			buildActionMask = 2147483647;
			files = (
			);
			inputPaths = (
			);
			outputPaths = (
			);
			runOnlyForDeploymentPostprocessing = 0;
			shellPath = /bin/sh;
			shellScript = "# Run the unit tests in this test bundle.\n\"${SYSTEM_DEVELOPER_DIR}/Tools/RunUnitTests\"\n";
		};
		B154E673370F495FA7777F35 /* Copy Pods Resources */ = {
			isa = PBXShellScriptBuildPhase;
			buildActionMask = 2147483647;
			files = (
			);
			inputPaths = (
			);
			name = "Copy Pods Resources";
			outputPaths = (
			);
			runOnlyForDeploymentPostprocessing = 0;
			shellPath = /bin/sh;
			shellScript = "\"${SRCROOT}/Pods/Pods-Appearing Views Tests-resources.sh\"\n";
		};
/* End PBXShellScriptBuildPhase section */

/* Begin PBXSourcesBuildPhase section */
		906C0C37178365090049922D /* Sources */ = {
			isa = PBXSourcesBuildPhase;
			buildActionMask = 2147483647;
			files = (
				906C0C4B178365090049922D /* main.m in Sources */,
				906C0C4F178365090049922D /* ABAppDelegate.m in Sources */,
				906C0C5B178365090049922D /* ABViewController.m in Sources */,
				906C0C7C1783664D0049922D /* ABAppearingView.m in Sources */,
				9085458B1784C4DB00A84831 /* ABAnimations.m in Sources */,
			);
			runOnlyForDeploymentPostprocessing = 0;
		};
		906C0C5C178365090049922D /* Sources */ = {
			isa = PBXSourcesBuildPhase;
			buildActionMask = 2147483647;
			files = (
				9085458817849A3B00A84831 /* ABAppearing View Tests.m in Sources */,
			);
			runOnlyForDeploymentPostprocessing = 0;
		};
/* End PBXSourcesBuildPhase section */

/* Begin PBXTargetDependency section */
		906C0C67178365090049922D /* PBXTargetDependency */ = {
			isa = PBXTargetDependency;
			target = 906C0C3A178365090049922D /* Appearing Views Demo */;
			targetProxy = 906C0C66178365090049922D /* PBXContainerItemProxy */;
		};
/* End PBXTargetDependency section */

/* Begin PBXVariantGroup section */
		906C0C47178365090049922D /* InfoPlist.strings */ = {
			isa = PBXVariantGroup;
			children = (
				906C0C48178365090049922D /* en */,
			);
			name = InfoPlist.strings;
			sourceTree = "<group>";
		};
		906C0C56178365090049922D /* MainStoryboard.storyboard */ = {
			isa = PBXVariantGroup;
			children = (
				906C0C57178365090049922D /* en */,
			);
			name = MainStoryboard.storyboard;
			sourceTree = "<group>";
		};
		906C0CAF17837F6F0049922D /* InfoPlist.strings */ = {
			isa = PBXVariantGroup;
			children = (
				906C0CB017837F6F0049922D /* en */,
			);
			name = InfoPlist.strings;
			sourceTree = "<group>";
		};
/* End PBXVariantGroup section */

/* Begin XCBuildConfiguration section */
		906C0C71178365090049922D /* Debug */ = {
			isa = XCBuildConfiguration;
			buildSettings = {
				ALWAYS_SEARCH_USER_PATHS = NO;
				CLANG_CXX_LANGUAGE_STANDARD = "gnu++0x";
				CLANG_CXX_LIBRARY = "libc++";
				CLANG_ENABLE_OBJC_ARC = YES;
				CLANG_WARN_CONSTANT_CONVERSION = YES;
				CLANG_WARN_EMPTY_BODY = YES;
				CLANG_WARN_ENUM_CONVERSION = YES;
				CLANG_WARN_INT_CONVERSION = YES;
				CLANG_WARN__DUPLICATE_METHOD_MATCH = YES;
				"CODE_SIGN_IDENTITY[sdk=iphoneos*]" = "iPhone Developer";
				COPY_PHASE_STRIP = NO;
				GCC_C_LANGUAGE_STANDARD = gnu99;
				GCC_DYNAMIC_NO_PIC = NO;
				GCC_OPTIMIZATION_LEVEL = 0;
				GCC_PREPROCESSOR_DEFINITIONS = (
					"DEBUG=1",
					"$(inherited)",
				);
				GCC_SYMBOLS_PRIVATE_EXTERN = NO;
				GCC_WARN_ABOUT_RETURN_TYPE = YES;
				GCC_WARN_UNINITIALIZED_AUTOS = YES;
				GCC_WARN_UNUSED_VARIABLE = YES;
				IPHONEOS_DEPLOYMENT_TARGET = 6.1;
				ONLY_ACTIVE_ARCH = YES;
				SDKROOT = iphoneos;
			};
			name = Debug;
		};
		906C0C72178365090049922D /* Release */ = {
			isa = XCBuildConfiguration;
			buildSettings = {
				ALWAYS_SEARCH_USER_PATHS = NO;
				CLANG_CXX_LANGUAGE_STANDARD = "gnu++0x";
				CLANG_CXX_LIBRARY = "libc++";
				CLANG_ENABLE_OBJC_ARC = YES;
				CLANG_WARN_CONSTANT_CONVERSION = YES;
				CLANG_WARN_EMPTY_BODY = YES;
				CLANG_WARN_ENUM_CONVERSION = YES;
				CLANG_WARN_INT_CONVERSION = YES;
				CLANG_WARN__DUPLICATE_METHOD_MATCH = YES;
				"CODE_SIGN_IDENTITY[sdk=iphoneos*]" = "iPhone Developer";
				COPY_PHASE_STRIP = YES;
				GCC_C_LANGUAGE_STANDARD = gnu99;
				GCC_WARN_ABOUT_RETURN_TYPE = YES;
				GCC_WARN_UNINITIALIZED_AUTOS = YES;
				GCC_WARN_UNUSED_VARIABLE = YES;
				IPHONEOS_DEPLOYMENT_TARGET = 6.1;
				OTHER_CFLAGS = "-DNS_BLOCK_ASSERTIONS=1";
				SDKROOT = iphoneos;
				VALIDATE_PRODUCT = YES;
			};
			name = Release;
		};
		906C0C74178365090049922D /* Debug */ = {
			isa = XCBuildConfiguration;
			buildSettings = {
				GCC_PRECOMPILE_PREFIX_HEADER = YES;
				GCC_PREFIX_HEADER = "Appearing Views Demo/Appearing Views-Prefix.pch";
				INFOPLIST_FILE = "Appearing Views Demo/Appearing Views Demo-Info.plist";
				IPHONEOS_DEPLOYMENT_TARGET = 5.0;
				PRODUCT_NAME = "$(TARGET_NAME)";
				WRAPPER_EXTENSION = app;
			};
			name = Debug;
		};
		906C0C75178365090049922D /* Release */ = {
			isa = XCBuildConfiguration;
			buildSettings = {
				GCC_PRECOMPILE_PREFIX_HEADER = YES;
				GCC_PREFIX_HEADER = "Appearing Views Demo/Appearing Views-Prefix.pch";
				INFOPLIST_FILE = "Appearing Views Demo/Appearing Views Demo-Info.plist";
				IPHONEOS_DEPLOYMENT_TARGET = 5.0;
				PRODUCT_NAME = "$(TARGET_NAME)";
				WRAPPER_EXTENSION = app;
			};
			name = Release;
		};
		906C0C77178365090049922D /* Debug */ = {
			isa = XCBuildConfiguration;
			baseConfigurationReference = 9FB05FEF6982446B901FB2D7 /* Pods-Appearing Views Tests.xcconfig */;
			buildSettings = {
				BUNDLE_LOADER = "$(BUILT_PRODUCTS_DIR)/Appearing Views Demo.app/Appearing Views Demo";
				FRAMEWORK_SEARCH_PATHS = (
					"\"$(SDKROOT)/Developer/Library/Frameworks\"",
					"\"$(DEVELOPER_LIBRARY_DIR)/Frameworks\"",
				);
				GCC_PRECOMPILE_PREFIX_HEADER = YES;
				GCC_PREFIX_HEADER = "Appearing Views Demo/Appearing Views-Prefix.pch";
				INFOPLIST_FILE = "Appearing Views Tests/Appearing ViewsTests-Info.plist";
				PRODUCT_NAME = "Appearing Views Tests";
				TEST_HOST = "$(BUNDLE_LOADER)";
				WRAPPER_EXTENSION = octest;
			};
			name = Debug;
		};
		906C0C78178365090049922D /* Release */ = {
			isa = XCBuildConfiguration;
			baseConfigurationReference = 9FB05FEF6982446B901FB2D7 /* Pods-Appearing Views Tests.xcconfig */;
			buildSettings = {
				BUNDLE_LOADER = "$(BUILT_PRODUCTS_DIR)/Appearing Views Demo.app/Appearing Views Demo";
				FRAMEWORK_SEARCH_PATHS = (
					"\"$(SDKROOT)/Developer/Library/Frameworks\"",
					"\"$(DEVELOPER_LIBRARY_DIR)/Frameworks\"",
				);
				GCC_PRECOMPILE_PREFIX_HEADER = YES;
				GCC_PREFIX_HEADER = "Appearing Views Demo/Appearing Views-Prefix.pch";
				INFOPLIST_FILE = "Appearing Views Tests/Appearing ViewsTests-Info.plist";
				PRODUCT_NAME = "Appearing Views Tests";
				TEST_HOST = "$(BUNDLE_LOADER)";
				WRAPPER_EXTENSION = octest;
			};
			name = Release;
		};
/* End XCBuildConfiguration section */

/* Begin XCConfigurationList section */
		906C0C36178365090049922D /* Build configuration list for PBXProject "Appearing Views" */ = {
			isa = XCConfigurationList;
			buildConfigurations = (
				906C0C71178365090049922D /* Debug */,
				906C0C72178365090049922D /* Release */,
			);
			defaultConfigurationIsVisible = 0;
			defaultConfigurationName = Release;
		};
		906C0C73178365090049922D /* Build configuration list for PBXNativeTarget "Appearing Views Demo" */ = {
			isa = XCConfigurationList;
			buildConfigurations = (
				906C0C74178365090049922D /* Debug */,
				906C0C75178365090049922D /* Release */,
			);
			defaultConfigurationIsVisible = 0;
			defaultConfigurationName = Release;
		};
		906C0C76178365090049922D /* Build configuration list for PBXNativeTarget "Appearing Views Tests" */ = {
			isa = XCConfigurationList;
			buildConfigurations = (
				906C0C77178365090049922D /* Debug */,
				906C0C78178365090049922D /* Release */,
			);
			defaultConfigurationIsVisible = 0;
			defaultConfigurationName = Release;
		};
/* End XCConfigurationList section */
	};
	rootObject = 906C0C33178365090049922D /* Project object */;
}
